
Microsoft Visual Studio Solution File, Format Version 12.00
# Visual Studio Version 17
VisualStudioVersion = 17.4.33213.308
MinimumVisualStudioVersion = 10.0.40219.1
Project("{FAE04EC0-301F-11D3-BF4B-00C04F79EFBC}") = "Assignment5", "Assignment\Assignment5.csproj", "{BED0BF7F-F0E0-4851-B241-5E96D09F3264}"
EndProject
Global
	GlobalSection(SolutionConfigurationPlatforms) = preSolution
		Debug|Any CPU = Debug|Any CPU
		Release|Any CPU = Release|Any CPU
	EndGlobalSection
	GlobalSection(ProjectConfigurationPlatforms) = postSolution
		{BED0BF7F-F0E0-4851-B241-5E96D09F3264}.Debug|Any CPU.ActiveCfg = Debug|Any CPU
		{BED0BF7F-F0E0-4851-B241-5E96D09F3264}.Debug|Any CPU.Build.0 = Debug|Any CPU
		{BED0BF7F-F0E0-4851-B241-5E96D09F3264}.Release|Any CPU.ActiveCfg = Release|Any CPU
		{BED0BF7F-F0E0-4851-B241-5E96D09F3264}.Release|Any CPU.Build.0 = Release|Any CPU
	EndGlobalSection
	GlobalSection(SolutionProperties) = preSolution
		HideSolutionNode = FALSE
	EndGlobalSection
	GlobalSection(ExtensibilityGlobals) = postSolution
		SolutionGuid = {728C37E0-6A88-4242-9415-38E192BABEC8}
	EndGlobalSection
EndGlobal
